
Microsoft Visual Studio Solution File, Format Version 12.00
# Visual Studio Version 17
VisualStudioVersion = 17.7.34221.43
MinimumVisualStudioVersion = 10.0.40219.1
Project("{8BC9CEB8-8B4A-11D0-8D11-00A0C91BC942}") = "Project1", "Project1\Project1.vcxproj", "{EDDD8179-B52A-4AB4-A211-AF5420B25A44}"
EndProject
Global
	GlobalSection(SolutionConfigurationPlatforms) = preSolution
		Debug|x64 = Debug|x64
		Debug|x86 = Debug|x86
		Release|x64 = Release|x64
		Release|x86 = Release|x86
	EndGlobalSection
	GlobalSection(ProjectConfigurationPlatforms) = postSolution
		{EDDD8179-B52A-4AB4-A211-AF5420B25A44}.Debug|x64.ActiveCfg = Debug|x64
		{EDDD8179-B52A-4AB4-A211-AF5420B25A44}.Debug|x64.Build.0 = Debug|x64
		{EDDD8179-B52A-4AB4-A211-AF5420B25A44}.Debug|x86.ActiveCfg = Debug|Win32
		{EDDD8179-B52A-4AB4-A211-AF5420B25A44}.Debug|x86.Build.0 = Debug|Win32
		{EDDD8179-B52A-4AB4-A211-AF5420B25A44}.Release|x64.ActiveCfg = Release|x64
		{EDDD8179-B52A-4AB4-A211-AF5420B25A44}.Release|x64.Build.0 = Release|x64
		{EDDD8179-B52A-4AB4-A211-AF5420B25A44}.Release|x86.ActiveCfg = Release|Win32
		{EDDD8179-B52A-4AB4-A211-AF5420B25A44}.Release|x86.Build.0 = Release|Win32
	EndGlobalSection
	GlobalSection(SolutionProperties) = preSolution
		HideSolutionNode = FALSE
	EndGlobalSection
	GlobalSection(ExtensibilityGlobals) = postSolution
		SolutionGuid = {1B2C96A4-2EFA-43C3-90FB-F688EFA581BC}
	EndGlobalSection
EndGlobal
